
Microsoft Visual Studio Solution File, Format Version 11.00
# Visual Studio 2010
# SharpDevelop 4.2.1.8805
Project("{FD48973F-F585-4F70-812B-4D0503B36CE9}") = "prog162h", "prog162h.pyproj", "{994D930D-D3E3-4775-8B1D-51CF81D90B7D}"
EndProject
Global
	GlobalSection(SolutionConfigurationPlatforms) = preSolution
		Debug|x86 = Debug|x86
		Release|x86 = Release|x86
	EndGlobalSection
	GlobalSection(ProjectConfigurationPlatforms) = postSolution
		{994D930D-D3E3-4775-8B1D-51CF81D90B7D}.Debug|x86.Build.0 = Debug|x86
		{994D930D-D3E3-4775-8B1D-51CF81D90B7D}.Debug|x86.ActiveCfg = Debug|x86
		{994D930D-D3E3-4775-8B1D-51CF81D90B7D}.Release|x86.Build.0 = Release|x86
		{994D930D-D3E3-4775-8B1D-51CF81D90B7D}.Release|x86.ActiveCfg = Release|x86
	EndGlobalSection
EndGlobal
